# This file is autogenerated, do not edit; changes may be undone by the next 'dep ensure'.


[[projects]]
  branch = "master"
  name = "github.com/alexflint/go-arg"
  packages = ["."]
  revision = "0cc8e30fd64c8c71d094be299ad424da93ef9aed"

[[projects]]
  branch = "master"
  name = "github.com/alexflint/go-scalar"
  packages = ["."]
  revision = "e80c3b7ed292b052c7083b6fd7154a8422c33f65"

[solve-meta]
  analyzer-name = "dep"
  analyzer-version = 1
  inputs-digest = "e40de93cba6a6c55e2b8fefd8824f7ce5e7a2f3c860f8f1e6d0f99826b33724f"
  solver-name = "gps-cdcl"
  solver-version = 1
